lockfileVersion: '9.0'

settings:
  autoInstallPeers: true
  excludeLinksFromLockfile: false

importers:

  .:
    dependencies:
      typebox:
        specifier: ^1.1.39
        version: 1.1.39

packages:

  typebox@1.1.39:
    resolution: {integrity: sha512-vj0afVtOfLQvv0GR0VxVagYxsXN64btL7Z9XoaG0ZggH3mruMMkOO6hXdgMsjCY3shZgEvooAWVeznQVs5c43w==}

snapshots:

  typebox@1.1.39: {}
